
Microsoft Visual Studio Solution File, Format Version 12.00
# Visual Studio Version 16
VisualStudioVersion = 16.0.29613.14
MinimumVisualStudioVersion = 10.0.40219.1
Project("{9092AA53-FB77-4645-B42D-1CCCA6BD08BD}") = "ViewSandbox", "ViewSandbox\ViewSandbox.njsproj", "{848900B3-64C6-454A-AE8D-4A273CB84E85}"
EndProject
Global
	GlobalSection(SolutionConfigurationPlatforms) = preSolution
		Debug|Any CPU = Debug|Any CPU
		Release|Any CPU = Release|Any CPU
	EndGlobalSection
	GlobalSection(ProjectConfigurationPlatforms) = postSolution
		{848900B3-64C6-454A-AE8D-4A273CB84E85}.Debug|Any CPU.ActiveCfg = Debug|Any CPU
		{848900B3-64C6-454A-AE8D-4A273CB84E85}.Debug|Any CPU.Build.0 = Debug|Any CPU
		{848900B3-64C6-454A-AE8D-4A273CB84E85}.Release|Any CPU.ActiveCfg = Release|Any CPU
		{848900B3-64C6-454A-AE8D-4A273CB84E85}.Release|Any CPU.Build.0 = Release|Any CPU
	EndGlobalSection
	GlobalSection(SolutionProperties) = preSolution
		HideSolutionNode = FALSE
	EndGlobalSection
	GlobalSection(ExtensibilityGlobals) = postSolution
		SolutionGuid = {343A29C5-E7B4-4023-A063-9686CC8DFC33}
	EndGlobalSection
EndGlobal
